{
  "originHash" : "0d74f7c7ddc9666d4ecff600ab9fc3762e15b0f6a7bd3f6eed1cebfe64311560",
  "pins" : [
    {
      "identity" : "confettiswiftui",
      "kind" : "remoteSourceControl",
      "location" : "https://github.com/simibac/ConfettiSwiftUI",
      "state" : {
        "revision" : "9ae5bc2ce2149980884d4612321c3a266d6bf82c",
        "version" : "3.0.0"
      }
    },
    {
      "identity" : "glowgetter",
      "kind" : "remoteSourceControl",
      "location" : "https://github.com/Aeastr/GlowGetter",
      "state" : {
        "revision" : "b1e9372d49f4047ab8ff39ef6b9b8f56f47608b9",
        "version" : "1.1.1"
      }
    },
    {
      "identity" : "glur",
      "kind" : "remoteSourceControl",
      "location" : "https://github.com/joogps/Glur",
      "state" : {
        "revision" : "178af6499ed7957c7f91187fdee2b09d322f5b87",
        "version" : "1.1.0"
      }
    },
    {
      "identity" : "swiftglass",
      "kind" : "remoteSourceControl",
      "location" : "https://github.com/1998code/SwiftGlass",
      "state" : {
        "revision" : "b11729993a2f4a4f11d17ee833ec05b2140400c5",
        "version" : "26.0.1"
      }
    },
    {
      "identity" : "swiftui-shimmer",
      "kind" : "remoteSourceControl",
      "location" : "https://github.com/markiv/SwiftUI-Shimmer",
      "state" : {
        "revision" : "0226e21f9bf355d40e07e5f5e1c33679d50e167f",
        "version" : "1.5.1"
      }
    }
  ],
  "version" : 3
}
